
Microsoft Visual Studio Solution File, Format Version 12.00
# Visual Studio Version 16
VisualStudioVersion = 16.0.30611.23
MinimumVisualStudioVersion = 10.0.40219.1
Project("{FAE04EC0-301F-11D3-BF4B-00C04F79EFBC}") = "EmployeeAngularTemplate", "EmployeeAngularTemplate\EmployeeAngularTemplate.csproj", "{DEBE1EF4-13FE-49A2-AA37-1769CD347ED8}"
EndProject
Global
	GlobalSection(SolutionConfigurationPlatforms) = preSolution
		Debug|Any CPU = Debug|Any CPU
		Release|Any CPU = Release|Any CPU
	EndGlobalSection
	GlobalSection(ProjectConfigurationPlatforms) = postSolution
		{DEBE1EF4-13FE-49A2-AA37-1769CD347ED8}.Debug|Any CPU.ActiveCfg = Debug|Any CPU
		{DEBE1EF4-13FE-49A2-AA37-1769CD347ED8}.Debug|Any CPU.Build.0 = Debug|Any CPU
		{DEBE1EF4-13FE-49A2-AA37-1769CD347ED8}.Release|Any CPU.ActiveCfg = Release|Any CPU
		{DEBE1EF4-13FE-49A2-AA37-1769CD347ED8}.Release|Any CPU.Build.0 = Release|Any CPU
	EndGlobalSection
	GlobalSection(SolutionProperties) = preSolution
		HideSolutionNode = FALSE
	EndGlobalSection
	GlobalSection(ExtensibilityGlobals) = postSolution
		SolutionGuid = {34F5ED43-5C10-40EE-BCFF-48F584F5D0E8}
	EndGlobalSection
EndGlobal
